{"format_version":"1.0","provider_schemas":{"registry.terraform.io/vultr/vultr":{"provider":{"version":0,"block":{"attributes":{"api_key":{"type":"string","description":"The API Key that allows interaction with the API","description_kind":"plain","required":true},"rate_limit":{"type":"number","description":"Allows users to set the speed of API calls to work with the Vultr Rate Limit","description_kind":"plain","optional":true},"retry_limit":{"type":"number","description":"Allows users to set the maximum number of retries allowed for a failed API call.","description_kind":"plain","optional":true}},"description_kind":"plain"}},"resource_schemas":{"vultr_bare_metal_server":{"version":0,"block":{"attributes":{"activation_email":{"type":"bool","description_kind":"plain","optional":true},"app_id":{"type":"number","description_kind":"plain","optional":true,"computed":true},"app_variables":{"type":["map","string"],"description_kind":"plain","optional":true},"cpu_count":{"type":"number","description_kind":"plain","computed":true},"date_created":{"type":"string","description_kind":"plain","computed":true},"default_password":{"type":"string","description_kind":"plain","computed":true,"sensitive":true},"disk":{"type":"string","description_kind":"plain","computed":true},"enable_ipv6":{"type":"bool","description_kind":"plain","optional":true},"gateway_v4":{"type":"string","description_kind":"plain","computed":true},"hostname":{"type":"string","description_kind":"plain","optional":true},"id":{"type":"string","description_kind":"plain","optional":true,"computed":true},"image_id":{"type":"string","description_kind":"plain","optional":true,"computed":true},"label":{"type":"string","description_kind":"plain","optional":true},"mac_address":{"type":"number","description_kind":"plain","computed":true},"main_ip":{"type":"string","description_kind":"plain","computed":true},"mdisk_mode":{"type":"string","description_kind":"plain","optional":true},"netmask_v4":{"type":"string","description_kind":"plain","computed":true},"os":{"type":"string","description_kind":"plain","computed":true},"os_id":{"type":"number","description_kind":"plain","optional":true,"computed":true},"persistent_pxe":{"type":"bool","description_kind":"plain","optional":true},"plan":{"type":"string","description_kind":"plain","required":true},"ram":{"type":"string","description_kind":"plain","computed":true},"region":{"type":"string","description_kind":"plain","required":true},"reserved_ipv4":{"type":"string","description_kind":"plain","optional":true,"computed":true},"script_id":{"type":"string","description_kind":"plain","optional":true},"snapshot_id":{"type":"string","description_kind":"plain","optional":true},"ssh_key_ids":{"type":["list","string"],"description_kind":"plain","optional":true},"status":{"type":"string","description_kind":"plain","computed":true},"tags":{"type":["set","string"],"description_kind":"plain","optional":true},"user_data":{"type":"string","description_kind":"plain","optional":true,"computed":true},"v6_main_ip":{"type":"string","description_kind":"plain","computed":true},"v6_network":{"type":"string","description_kind":"plain","computed":true},"v6_network_size":{"type":"number","description_kind":"plain","computed":true},"vpc2_ids":{"type":["set","string"],"description_kind":"plain","optional":true}},"block_types":{"timeouts":{"nesting_mode":"single","block":{"attributes":{"create":{"type":"string","description_kind":"plain","optional":true},"update":{"type":"string","description_kind":"plain","optional":true}},"description_kind":"plain"}}},"description_kind":"plain"}},"vultr_block_storage":{"version":0,"block":{"attributes":{"attached_to_instance":{"type":"string","description_kind":"plain","optional":true},"block_type":{"type":"string","description_kind":"plain","optional":true,"computed":true},"cost":{"type":"number","description_kind":"plain","computed":true},"date_created":{"type":"string","description_kind":"plain","computed":true},"id":{"type":"string","description_kind":"plain","optional":true,"computed":true},"label":{"type":"string","description_kind":"plain","optional":true},"live":{"type":"bool","description_kind":"plain","optional":true},"mount_id":{"type":"string","description_kind":"plain","computed":true},"region":{"type":"string","description_kind":"plain","required":true},"size_gb":{"type":"number","description_kind":"plain","required":true},"status":{"type":"string","description_kind":"plain","computed":true}},"description_kind":"plain"}},"vultr_container_registry":{"version":0,"block":{"attributes":{"date_created":{"type":"string","description_kind":"plain","computed":true},"id":{"type":"string","description_kind":"plain","optional":true,"computed":true},"name":{"type":"string","description_kind":"plain","required":true},"plan":{"type":"string","description_kind":"plain","required":true},"public":{"type":"bool","description_kind":"plain","required":true},"region":{"type":"string","description_kind":"plain","required":true},"root_user":{"type":["map","string"],"description_kind":"plain","computed":true},"storage":{"type":["map","string"],"description_kind":"plain","computed":true},"urn":{"type":"string","description_kind":"plain","computed":true}},"description_kind":"plain"}},"vultr_database":{"version":0,"block":{"attributes":{"cluster_time_zone":{"type":"string","description_kind":"plain","optional":true,"computed":true},"database_engine":{"type":"string","description_kind":"plain","required":true},"database_engine_version":{"type":"string","description_kind":"plain","required":true},"date_created":{"type":"string","description_kind":"plain","computed":true},"dbname":{"type":"string","description_kind":"plain","computed":true},"ferretdb_credentials":{"type":["map","string"],"description_kind":"plain","optional":true,"computed":true},"host":{"type":"string","description_kind":"plain","computed":true},"id":{"type":"string","description_kind":"plain","optional":true,"computed":true},"label":{"type":"string","description_kind":"plain","required":true},"latest_backup":{"type":"string","description_kind":"plain","computed":true},"maintenance_dow":{"type":"string","description_kind":"plain","optional":true,"computed":true},"maintenance_time":{"type":"string","description_kind":"plain","optional":true,"computed":true},"mysql_long_query_time":{"type":"number","description_kind":"plain","optional":true},"mysql_require_primary_key":{"type":"bool","description_kind":"plain","optional":true},"mysql_slow_query_log":{"type":"bool","description_kind":"plain","optional":true},"mysql_sql_modes":{"type":["set","string"],"description_kind":"plain","optional":true},"password":{"type":"string","description_kind":"plain","optional":true,"computed":true},"plan":{"type":"string","description_kind":"plain","required":true},"plan_disk":{"type":"number","description_kind":"plain","optional":true,"computed":true},"plan_ram":{"type":"number","description_kind":"plain","computed":true},"plan_replicas":{"type":"number","description_kind":"plain","computed":true},"plan_vcpus":{"type":"number","description_kind":"plain","computed":true},"port":{"type":"string","description_kind":"plain","computed":true},"public_host":{"type":"string","description_kind":"plain","optional":true,"computed":true},"redis_eviction_policy":{"type":"string","description_kind":"plain","optional":true,"computed":true},"region":{"type":"string","description_kind":"plain","required":true},"status":{"type":"string","description_kind":"plain","computed":true},"tag":{"type":"string","description_kind":"plain","optional":true},"trusted_ips":{"type":["set","string"],"description_kind":"plain","optional":true},"user":{"type":"string","description_kind":"plain","computed":true},"vpc_id":{"type":"string","description_kind":"plain","optional":true}},"block_types":{"read_replicas":{"nesting_mode":"set","block":{"attributes":{"cluster_time_zone":{"type":"string","description_kind":"plain","computed":true},"database_engine":{"type":"string","description_kind":"plain","computed":true},"database_engine_version":{"type":"string","description_kind":"plain","computed":true},"date_created":{"type":"string","description_kind":"plain","computed":true},"dbname":{"type":"string","description_kind":"plain","computed":true},"ferretdb_credentials":{"type":["map","string"],"description_kind":"plain","optional":true,"computed":true},"host":{"type":"string","description_kind":"plain","computed":true},"id":{"type":"string","description_kind":"plain","computed":true},"label":{"type":"string","description_kind":"plain","required":true},"latest_backup":{"type":"string","description_kind":"plain","computed":true},"maintenance_dow":{"type":"string","description_kind":"plain","computed":true},"maintenance_time":{"type":"string","description_kind":"plain","computed":true},"mysql_long_query_time":{"type":"number","description_kind":"plain","optional":true,"computed":true},"mysql_require_primary_key":{"type":"bool","description_kind":"plain","optional":true,"computed":true},"mysql_slow_query_log":{"type":"bool","description_kind":"plain","optional":true,"computed":true},"mysql_sql_modes":{"type":["set","string"],"description_kind":"plain","optional":true,"computed":true},"password":{"type":"string","description_kind":"plain","computed":true},"plan":{"type":"string","description_kind":"plain","computed":true},"plan_disk":{"type":"number","description_kind":"plain","optional":true,"computed":true},"plan_ram":{"type":"number","description_kind":"plain","computed":true},"plan_replicas":{"type":"number","description_kind":"plain","computed":true},"plan_vcpus":{"type":"number","description_kind":"plain","computed":true},"port":{"type":"string","description_kind":"plain","computed":true},"public_host":{"type":"string","description_kind":"plain","optional":true,"computed":true},"redis_eviction_policy":{"type":"string","description_kind":"plain","optional":true,"computed":true},"region":{"type":"string","description_kind":"plain","required":true},"status":{"type":"string","description_kind":"plain","computed":true},"tag":{"type":"string","description_kind":"plain","optional":true,"computed":true},"trusted_ips":{"type":["set","string"],"description_kind":"plain","optional":true,"computed":true},"user":{"type":"string","description_kind":"plain","computed":true},"vpc_id":{"type":"string","description_kind":"plain","computed":true}},"description_kind":"plain"}},"timeouts":{"nesting_mode":"single","block":{"attributes":{"create":{"type":"string","description_kind":"plain","optional":true},"update":{"type":"string","description_kind":"plain","optional":true}},"description_kind":"plain"}}},"description_kind":"plain"}},"vultr_database_connection_pool":{"version":0,"block":{"attributes":{"database":{"type":"string","description_kind":"plain","required":true},"database_id":{"type":"string","description_kind":"plain","required":true},"id":{"type":"string","description_kind":"plain","optional":true,"computed":true},"mode":{"type":"string","description_kind":"plain","required":true},"name":{"type":"string","description_kind":"plain","required":true},"size":{"type":"number","description_kind":"plain","required":true},"username":{"type":"string","description_kind":"plain","required":true}},"description_kind":"plain"}},"vultr_database_db":{"version":0,"block":{"attributes":{"database_id":{"type":"string","description_kind":"plain","required":true},"id":{"type":"string","description_kind":"plain","optional":true,"computed":true},"name":{"type":"string","description_kind":"plain","required":true}},"description_kind":"plain"}},"vultr_database_replica":{"version":0,"block":{"attributes":{"cluster_time_zone":{"type":"string","description_kind":"plain","computed":true},"database_engine":{"type":"string","description_kind":"plain","computed":true},"database_engine_version":{"type":"string","description_kind":"plain","computed":true},"database_id":{"type":"string","description_kind":"plain","required":true},"date_created":{"type":"string","description_kind":"plain","computed":true},"dbname":{"type":"string","description_kind":"plain","computed":true},"ferretdb_credentials":{"type":["map","string"],"description_kind":"plain","optional":true,"computed":true},"host":{"type":"string","description_kind":"plain","computed":true},"id":{"type":"string","description_kind":"plain","computed":true},"label":{"type":"string","description_kind":"plain","required":true},"latest_backup":{"type":"string","description_kind":"plain","computed":true},"maintenance_dow":{"type":"string","description_kind":"plain","computed":true},"maintenance_time":{"type":"string","description_kind":"plain","computed":true},"mysql_long_query_time":{"type":"number","description_kind":"plain","optional":true,"computed":true},"mysql_require_primary_key":{"type":"bool","description_kind":"plain","optional":true,"computed":true},"mysql_slow_query_log":{"type":"bool","description_kind":"plain","optional":true,"computed":true},"mysql_sql_modes":{"type":["set","string"],"description_kind":"plain","optional":true,"computed":true},"password":{"type":"string","description_kind":"plain","computed":true},"plan":{"type":"string","description_kind":"plain","computed":true},"plan_disk":{"type":"number","description_kind":"plain","optional":true,"computed":true},"plan_ram":{"type":"number","description_kind":"plain","computed":true},"plan_replicas":{"type":"number","description_kind":"plain","computed":true},"plan_vcpus":{"type":"number","description_kind":"plain","computed":true},"port":{"type":"string","description_kind":"plain","computed":true},"public_host":{"type":"string","description_kind":"plain","optional":true,"computed":true},"redis_eviction_policy":{"type":"string","description_kind":"plain","optional":true,"computed":true},"region":{"type":"string","description_kind":"plain","required":true},"status":{"type":"string","description_kind":"plain","computed":true},"tag":{"type":"string","description_kind":"plain","optional":true,"computed":true},"trusted_ips":{"type":["set","string"],"description_kind":"plain","optional":true,"computed":true},"user":{"type":"string","description_kind":"plain","computed":true},"vpc_id":{"type":"string","description_kind":"plain","computed":true}},"block_types":{"timeouts":{"nesting_mode":"single","block":{"attributes":{"create":{"type":"string","description_kind":"plain","optional":true},"update":{"type":"string","description_kind":"plain","optional":true}},"description_kind":"plain"}}},"description_kind":"plain"}},"vultr_database_user":{"version":0,"block":{"attributes":{"database_id":{"type":"string","description_kind":"plain","required":true},"encryption":{"type":"string","description_kind":"plain","optional":true,"computed":true},"id":{"type":"string","description_kind":"plain","optional":true,"computed":true},"password":{"type":"string","description_kind":"plain","optional":true,"computed":true},"username":{"type":"string","description_kind":"plain","required":true}},"block_types":{"access_control":{"nesting_mode":"set","block":{"attributes":{"redis_acl_categories":{"type":["set","string"],"description_kind":"plain","required":true},"redis_acl_channels":{"type":["set","string"],"description_kind":"plain","required":true},"redis_acl_commands":{"type":["set","string"],"description_kind":"plain","required":true},"redis_acl_keys":{"type":["set","string"],"description_kind":"plain","required":true}},"description_kind":"plain"},"max_items":1}},"description_kind":"plain"}},"vultr_dns_domain":{"version":0,"block":{"attributes":{"date_created":{"type":"string","description_kind":"plain","computed":true},"dns_sec":{"type":"string","description_kind":"plain","optional":true},"domain":{"type":"string","description_kind":"plain","required":true},"id":{"type":"string","description_kind":"plain","optional":true,"computed":true},"ip":{"type":"string","description_kind":"plain","optional":true}},"description_kind":"plain"}},"vultr_dns_record":{"version":0,"block":{"attributes":{"data":{"type":"string","description_kind":"plain","required":true},"domain":{"type":"string","description_kind":"plain","required":true},"id":{"type":"string","description_kind":"plain","optional":true,"computed":true},"name":{"type":"string","description_kind":"plain","required":true},"priority":{"type":"number","description_kind":"plain","optional":true},"ttl":{"type":"number","description_kind":"plain","optional":true},"type":{"type":"string","description_kind":"plain","required":true}},"description_kind":"plain"}},"vultr_firewall_group":{"version":0,"block":{"attributes":{"date_created":{"type":"string","description_kind":"plain","computed":true},"date_modified":{"type":"string","description_kind":"plain","computed":true},"description":{"type":"string","description_kind":"plain","optional":true},"id":{"type":"string","description_kind":"plain","optional":true,"computed":true},"instance_count":{"type":"number","description_kind":"plain","computed":true},"max_rule_count":{"type":"number","description_kind":"plain","computed":true},"rule_count":{"type":"number","description_kind":"plain","computed":true}},"description_kind":"plain"}},"vultr_firewall_rule":{"version":0,"block":{"attributes":{"firewall_group_id":{"type":"string","description_kind":"plain","required":true},"id":{"type":"string","description_kind":"plain","optional":true,"computed":true},"ip_type":{"type":"string","description_kind":"plain","required":true},"notes":{"type":"string","description_kind":"plain","optional":true},"port":{"type":"string","description_kind":"plain","optional":true},"protocol":{"type":"string","description_kind":"plain","required":true},"source":{"type":"string","description_kind":"plain","optional":true},"subnet":{"type":"string","description_kind":"plain","required":true},"subnet_size":{"type":"number","description_kind":"plain","required":true}},"description_kind":"plain"}},"vultr_inference":{"version":0,"block":{"attributes":{"api_key":{"type":"string","description_kind":"plain","computed":true},"date_created":{"type":"string","description_kind":"plain","computed":true},"id":{"type":"string","description_kind":"plain","optional":true,"computed":true},"label":{"type":"string","description_kind":"plain","required":true},"usage":{"type":["map","number"],"description_kind":"plain","computed":true}},"block_types":{"timeouts":{"nesting_mode":"single","block":{"attributes":{"create":{"type":"string","description_kind":"plain","optional":true},"update":{"type":"string","description_kind":"plain","optional":true}},"description_kind":"plain"}}},"description_kind":"plain"}},"vultr_instance":{"version":0,"block":{"attributes":{"activation_email":{"type":"bool","description_kind":"plain","optional":true},"allowed_bandwidth":{"type":"number","description_kind":"plain","computed":true},"app_id":{"type":"number","description_kind":"plain","optional":true,"computed":true},"app_variables":{"type":["map","string"],"description_kind":"plain","optional":true},"backups":{"type":"string","description_kind":"plain","optional":true},"date_created":{"type":"string","description_kind":"plain","computed":true},"ddos_protection":{"type":"bool","description_kind":"plain","optional":true},"default_password":{"type":"string","description_kind":"plain","computed":true,"sensitive":true},"disable_public_ipv4":{"type":"bool","description":"Don't set up a public IPv4 address when IPv6 is enabled. \nWill not do anything unless enable_ipv6 is also true.","description_kind":"plain","optional":true},"disk":{"type":"number","description_kind":"plain","computed":true},"enable_ipv6":{"type":"bool","description_kind":"plain","optional":true},"features":{"type":["list","string"],"description_kind":"plain","computed":true},"firewall_group_id":{"type":"string","description_kind":"plain","optional":true,"computed":true},"gateway_v4":{"type":"string","description_kind":"plain","computed":true},"hostname":{"type":"string","description":"The hostname of the instance. Updating the\nhostname will cause a force new. This behavior is in place to prevent accidental reinstalls. Issuing an update to the\nhostname on UI or API issues a reinstall of the OS.","description_kind":"plain","optional":true,"computed":true},"id":{"type":"string","description_kind":"plain","optional":true,"computed":true},"image_id":{"type":"string","description_kind":"plain","optional":true,"computed":true},"internal_ip":{"type":"string","description_kind":"plain","computed":true},"iso_id":{"type":"string","description_kind":"plain","optional":true},"kvm":{"type":"string","description_kind":"plain","computed":true},"label":{"type":"string","description_kind":"plain","optional":true,"computed":true},"main_ip":{"type":"string","description_kind":"plain","computed":true},"netmask_v4":{"type":"string","description_kind":"plain","computed":true},"os":{"type":"string","description_kind":"plain","computed":true},"os_id":{"type":"number","description_kind":"plain","optional":true,"computed":true},"plan":{"type":"string","description_kind":"plain","required":true},"power_status":{"type":"string","description_kind":"plain","computed":true},"ram":{"type":"number","description_kind":"plain","computed":true},"region":{"type":"string","description_kind":"plain","required":true},"reserved_ip_id":{"type":"string","description_kind":"plain","optional":true,"computed":true},"script_id":{"type":"string","description_kind":"plain","optional":true,"computed":true},"server_status":{"type":"string","description_kind":"plain","computed":true},"snapshot_id":{"type":"string","description_kind":"plain","optional":true,"computed":true},"ssh_key_ids":{"type":["list","string"],"description_kind":"plain","optional":true},"status":{"type":"string","description_kind":"plain","computed":true},"tags":{"type":["set","string"],"description_kind":"plain","optional":true},"user_data":{"type":"string","description_kind":"plain","optional":true,"computed":true},"v6_main_ip":{"type":"string","description_kind":"plain","computed":true},"v6_network":{"type":"string","description_kind":"plain","computed":true},"v6_network_size":{"type":"number","description_kind":"plain","computed":true},"vcpu_count":{"type":"number","description_kind":"plain","computed":true},"vpc2_ids":{"type":["set","string"],"description_kind":"plain","optional":true},"vpc_ids":{"type":["set","string"],"description_kind":"plain","optional":true,"computed":true}},"block_types":{"backups_schedule":{"nesting_mode":"list","block":{"attributes":{"dom":{"type":"number","description_kind":"plain","optional":true,"computed":true},"dow":{"type":"number","description_kind":"plain","optional":true,"computed":true},"hour":{"type":"number","description_kind":"plain","optional":true,"computed":true},"type":{"type":"string","description_kind":"plain","required":true}},"description_kind":"plain"},"max_items":1},"timeouts":{"nesting_mode":"single","block":{"attributes":{"create":{"type":"string","description_kind":"plain","optional":true},"update":{"type":"string","description_kind":"plain","optional":true}},"description_kind":"plain"}}},"description_kind":"plain"}},"vultr_instance_ipv4":{"version":0,"block":{"attributes":{"gateway":{"type":"string","description_kind":"plain","computed":true},"id":{"type":"string","description_kind":"plain","optional":true,"computed":true},"instance_id":{"type":"string","description_kind":"plain","required":true},"ip":{"type":"string","description_kind":"plain","computed":true},"netmask":{"type":"string","description_kind":"plain","computed":true},"reboot":{"type":"bool","description_kind":"plain","optional":true},"reverse":{"type":"string","description_kind":"plain","computed":true}},"description_kind":"plain"}},"vultr_iso_private":{"version":0,"block":{"attributes":{"date_created":{"type":"string","description_kind":"plain","computed":true},"filename":{"type":"string","description_kind":"plain","computed":true},"id":{"type":"string","description_kind":"plain","optional":true,"computed":true},"md5sum":{"type":"string","description_kind":"plain","computed":true},"sha512sum":{"type":"string","description_kind":"plain","computed":true},"size":{"type":"number","description_kind":"plain","computed":true},"status":{"type":"string","description_kind":"plain","computed":true},"url":{"type":"string","description_kind":"plain","required":true}},"description_kind":"plain"}},"vultr_kubernetes":{"version":0,"block":{"attributes":{"client_certificate":{"type":"string","description_kind":"plain","computed":true,"sensitive":true},"client_key":{"type":"string","description_kind":"plain","computed":true,"sensitive":true},"cluster_ca_certificate":{"type":"string","description_kind":"plain","computed":true,"sensitive":true},"cluster_subnet":{"type":"string","description_kind":"plain","computed":true},"date_created":{"type":"string","description_kind":"plain","computed":true},"enable_firewall":{"type":"bool","description_kind":"plain","optional":true},"endpoint":{"type":"string","description_kind":"plain","computed":true},"firewall_group_id":{"type":"string","description_kind":"plain","computed":true},"ha_controlplanes":{"type":"bool","description_kind":"plain","optional":true},"id":{"type":"string","description_kind":"plain","optional":true,"computed":true},"ip":{"type":"string","description_kind":"plain","computed":true},"kube_config":{"type":"string","description":"Base64 encoded KubeConfig","description_kind":"plain","computed":true,"sensitive":true},"label":{"type":"string","description_kind":"plain","required":true},"region":{"type":"string","description_kind":"plain","required":true},"service_subnet":{"type":"string","description_kind":"plain","computed":true},"status":{"type":"string","description_kind":"plain","computed":true},"version":{"type":"string","description_kind":"plain","required":true}},"block_types":{"node_pools":{"nesting_mode":"list","block":{"attributes":{"auto_scaler":{"type":"bool","description_kind":"plain","optional":true},"date_created":{"type":"string","description_kind":"plain","computed":true},"date_updated":{"type":"string","description_kind":"plain","computed":true},"id":{"type":"string","description_kind":"plain","computed":true},"label":{"type":"string","description_kind":"plain","required":true},"max_nodes":{"type":"number","description_kind":"plain","optional":true},"min_nodes":{"type":"number","description_kind":"plain","optional":true},"node_quantity":{"type":"number","description_kind":"plain","required":true},"nodes":{"type":["list",["object",{"date_created":"string","id":"string","label":"string","status":"string"}]],"description_kind":"plain","computed":true},"plan":{"type":"string","description_kind":"plain","required":true},"status":{"type":"string","description_kind":"plain","computed":true},"tag":{"type":"string","description_kind":"plain","computed":true}},"description_kind":"plain"},"max_items":1}},"description_kind":"plain"}},"vultr_kubernetes_node_pools":{"version":0,"block":{"attributes":{"auto_scaler":{"type":"bool","description_kind":"plain","optional":true},"cluster_id":{"type":"string","description_kind":"plain","required":true},"date_created":{"type":"string","description_kind":"plain","computed":true},"date_updated":{"type":"string","description_kind":"plain","computed":true},"id":{"type":"string","description_kind":"plain","computed":true},"label":{"type":"string","description_kind":"plain","required":true},"max_nodes":{"type":"number","description_kind":"plain","optional":true},"min_nodes":{"type":"number","description_kind":"plain","optional":true},"node_quantity":{"type":"number","description_kind":"plain","required":true},"nodes":{"type":["list",["object",{"date_created":"string","id":"string","label":"string","status":"string"}]],"description_kind":"plain","computed":true},"plan":{"type":"string","description_kind":"plain","required":true},"status":{"type":"string","description_kind":"plain","computed":true},"tag":{"type":"string","description_kind":"plain","optional":true}},"description_kind":"plain"}},"vultr_load_balancer":{"version":0,"block":{"attributes":{"attached_instances":{"type":["list","string"],"description_kind":"plain","optional":true,"computed":true},"balancing_algorithm":{"type":"string","description_kind":"plain","optional":true,"computed":true},"cookie_name":{"type":"string","description_kind":"plain","optional":true},"has_ssl":{"type":"bool","description_kind":"plain","computed":true},"id":{"type":"string","description_kind":"plain","optional":true,"computed":true},"ipv4":{"type":"string","description_kind":"plain","computed":true},"ipv6":{"type":"string","description_kind":"plain","computed":true},"label":{"type":"string","description_kind":"plain","optional":true},"proxy_protocol":{"type":"bool","description_kind":"plain","optional":true},"region":{"type":"string","description_kind":"plain","required":true},"ssl_redirect":{"type":"bool","description_kind":"plain","optional":true},"status":{"type":"string","description_kind":"plain","computed":true},"vpc":{"type":"string","description_kind":"plain","optional":true}},"block_types":{"firewall_rules":{"nesting_mode":"set","block":{"attributes":{"id":{"type":"string","description_kind":"plain","computed":true},"ip_type":{"type":"string","description_kind":"plain","required":true},"port":{"type":"number","description_kind":"plain","required":true},"source":{"type":"string","description_kind":"plain","required":true}},"description_kind":"plain"}},"forwarding_rules":{"nesting_mode":"set","block":{"attributes":{"backend_port":{"type":"number","description_kind":"plain","required":true},"backend_protocol":{"type":"string","description_kind":"plain","required":true},"frontend_port":{"type":"number","description_kind":"plain","required":true},"frontend_protocol":{"type":"string","description_kind":"plain","required":true},"rule_id":{"type":"string","description_kind":"plain","computed":true}},"description_kind":"plain"},"min_items":1},"health_check":{"nesting_mode":"list","block":{"attributes":{"check_interval":{"type":"number","description_kind":"plain","optional":true},"healthy_threshold":{"type":"number","description_kind":"plain","optional":true},"path":{"type":"string","description_kind":"plain","optional":true},"port":{"type":"number","description_kind":"plain","required":true},"protocol":{"type":"string","description_kind":"plain","required":true},"response_timeout":{"type":"number","description_kind":"plain","optional":true},"unhealthy_threshold":{"type":"number","description_kind":"plain","optional":true}},"description_kind":"plain"},"max_items":1},"ssl":{"nesting_mode":"set","block":{"attributes":{"certificate":{"type":"string","description_kind":"plain","required":true},"chain":{"type":"string","description_kind":"plain","optional":true},"private_key":{"type":"string","description_kind":"plain","required":true,"sensitive":true}},"description_kind":"plain"},"max_items":1}},"description_kind":"plain"}},"vultr_object_storage":{"version":0,"block":{"attributes":{"cluster_id":{"type":"number","description_kind":"plain","required":true},"date_created":{"type":"string","description_kind":"plain","computed":true},"id":{"type":"string","description_kind":"plain","optional":true,"computed":true},"label":{"type":"string","description_kind":"plain","optional":true},"location":{"type":"string","description_kind":"plain","computed":true},"region":{"type":"string","description_kind":"plain","computed":true},"s3_access_key":{"type":"string","description_kind":"plain","computed":true,"sensitive":true},"s3_hostname":{"type":"string","description_kind":"plain","computed":true},"s3_secret_key":{"type":"string","description_kind":"plain","computed":true,"sensitive":true},"status":{"type":"string","description_kind":"plain","computed":true}},"description_kind":"plain"}},"vultr_reserved_ip":{"version":0,"block":{"attributes":{"id":{"type":"string","description_kind":"plain","optional":true,"computed":true},"instance_id":{"type":"string","description_kind":"plain","optional":true,"computed":true},"ip_type":{"type":"string","description_kind":"plain","required":true},"label":{"type":"string","description_kind":"plain","optional":true},"region":{"type":"string","description_kind":"plain","required":true},"subnet":{"type":"string","description_kind":"plain","computed":true},"subnet_size":{"type":"number","description_kind":"plain","computed":true}},"description_kind":"plain"}},"vultr_reverse_ipv4":{"version":0,"block":{"attributes":{"gateway":{"type":"string","description_kind":"plain","computed":true},"id":{"type":"string","description_kind":"plain","optional":true,"computed":true},"instance_id":{"type":"string","description_kind":"plain","required":true},"ip":{"type":"string","description_kind":"plain","required":true},"netmask":{"type":"string","description_kind":"plain","computed":true},"reverse":{"type":"string","description_kind":"plain","required":true}},"description_kind":"plain"}},"vultr_reverse_ipv6":{"version":0,"block":{"attributes":{"id":{"type":"string","description_kind":"plain","optional":true,"computed":true},"instance_id":{"type":"string","description_kind":"plain","required":true},"ip":{"type":"string","description_kind":"plain","required":true},"reverse":{"type":"string","description_kind":"plain","required":true}},"description_kind":"plain"}},"vultr_snapshot":{"version":0,"block":{"attributes":{"app_id":{"type":"number","description_kind":"plain","computed":true},"date_created":{"type":"string","description_kind":"plain","computed":true},"description":{"type":"string","description_kind":"plain","optional":true},"id":{"type":"string","description_kind":"plain","optional":true,"computed":true},"instance_id":{"type":"string","description_kind":"plain","required":true},"os_id":{"type":"number","description_kind":"plain","computed":true},"size":{"type":"number","description_kind":"plain","computed":true},"status":{"type":"string","description_kind":"plain","computed":true}},"description_kind":"plain"}},"vultr_snapshot_from_url":{"version":0,"block":{"attributes":{"app_id":{"type":"number","description_kind":"plain","computed":true},"date_created":{"type":"string","description_kind":"plain","computed":true},"description":{"type":"string","description_kind":"plain","computed":true},"id":{"type":"string","description_kind":"plain","optional":true,"computed":true},"os_id":{"type":"number","description_kind":"plain","computed":true},"size":{"type":"number","description_kind":"plain","computed":true},"status":{"type":"string","description_kind":"plain","computed":true},"url":{"type":"string","description_kind":"plain","required":true}},"description_kind":"plain"}},"vultr_ssh_key":{"version":0,"block":{"attributes":{"date_created":{"type":"string","description_kind":"plain","computed":true},"id":{"type":"string","description_kind":"plain","optional":true,"computed":true},"name":{"type":"string","description_kind":"plain","required":true},"ssh_key":{"type":"string","description_kind":"plain","required":true}},"description_kind":"plain"}},"vultr_startup_script":{"version":0,"block":{"attributes":{"date_created":{"type":"string","description_kind":"plain","computed":true},"date_modified":{"type":"string","description_kind":"plain","computed":true},"id":{"type":"string","description_kind":"plain","optional":true,"computed":true},"name":{"type":"string","description_kind":"plain","required":true},"script":{"type":"string","description_kind":"plain","required":true},"type":{"type":"string","description_kind":"plain","optional":true}},"description_kind":"plain"}},"vultr_user":{"version":0,"block":{"attributes":{"acl":{"type":["set","string"],"description_kind":"plain","optional":true},"api_enabled":{"type":"bool","description_kind":"plain","optional":true},"api_key":{"type":"string","description_kind":"plain","computed":true},"email":{"type":"string","description_kind":"plain","required":true},"id":{"type":"string","description_kind":"plain","optional":true,"computed":true},"name":{"type":"string","description_kind":"plain","required":true},"password":{"type":"string","description_kind":"plain","required":true,"sensitive":true}},"description_kind":"plain"}},"vultr_vpc":{"version":0,"block":{"attributes":{"date_created":{"type":"string","description_kind":"plain","computed":true},"description":{"type":"string","description_kind":"plain","optional":true},"id":{"type":"string","description_kind":"plain","optional":true,"computed":true},"region":{"type":"string","description_kind":"plain","required":true},"v4_subnet":{"type":"string","description_kind":"plain","optional":true,"computed":true},"v4_subnet_mask":{"type":"number","description_kind":"plain","optional":true,"computed":true}},"description_kind":"plain"}},"vultr_vpc2":{"version":0,"block":{"attributes":{"date_created":{"type":"string","description_kind":"plain","computed":true},"description":{"type":"string","description_kind":"plain","optional":true},"id":{"type":"string","description_kind":"plain","optional":true,"computed":true},"ip_block":{"type":"string","description_kind":"plain","optional":true,"computed":true},"ip_type":{"type":"string","description_kind":"plain","optional":true,"computed":true},"prefix_length":{"type":"number","description_kind":"plain","optional":true,"computed":true},"region":{"type":"string","description_kind":"plain","required":true}},"description_kind":"plain"}}},"data_source_schemas":{"vultr_account":{"version":0,"block":{"attributes":{"acl":{"type":["list","string"],"description_kind":"plain","computed":true},"balance":{"type":"number","description_kind":"plain","computed":true},"email":{"type":"string","description_kind":"plain","computed":true},"id":{"type":"string","description_kind":"plain","optional":true,"computed":true},"last_payment_amount":{"type":"number","description_kind":"plain","computed":true},"last_payment_date":{"type":"string","description_kind":"plain","computed":true},"name":{"type":"string","description_kind":"plain","computed":true},"pending_charges":{"type":"number","description_kind":"plain","computed":true}},"description_kind":"plain"}},"vultr_application":{"version":0,"block":{"attributes":{"deploy_name":{"type":"string","description_kind":"plain","computed":true},"id":{"type":"string","description_kind":"plain","optional":true,"computed":true},"image_id":{"type":"string","description_kind":"plain","computed":true},"name":{"type":"string","description_kind":"plain","computed":true},"short_name":{"type":"string","description_kind":"plain","computed":true},"type":{"type":"string","description_kind":"plain","computed":true},"vendor":{"type":"string","description_kind":"plain","computed":true}},"block_types":{"filter":{"nesting_mode":"set","block":{"attributes":{"name":{"type":"string","description_kind":"plain","required":true},"values":{"type":["list","string"],"description_kind":"plain","required":true}},"description_kind":"plain"}}},"description_kind":"plain"}},"vultr_backup":{"version":0,"block":{"attributes":{"backups":{"type":["list",["map","string"]],"description_kind":"plain","computed":true},"id":{"type":"string","description_kind":"plain","optional":true,"computed":true}},"block_types":{"filter":{"nesting_mode":"set","block":{"attributes":{"name":{"type":"string","description_kind":"plain","required":true},"values":{"type":["list","string"],"description_kind":"plain","required":true}},"description_kind":"plain"}}},"description_kind":"plain"}},"vultr_bare_metal_plan":{"version":0,"block":{"attributes":{"bandwidth":{"type":"number","description_kind":"plain","computed":true},"cpu_count":{"type":"number","description_kind":"plain","computed":true},"cpu_model":{"type":"string","description_kind":"plain","computed":true},"cpu_threads":{"type":"number","description_kind":"plain","computed":true},"disk":{"type":"number","description_kind":"plain","computed":true},"disk_count":{"type":"number","description_kind":"plain","computed":true},"id":{"type":"string","description_kind":"plain","optional":true,"computed":true},"locations":{"type":["list","string"],"description_kind":"plain","computed":true},"monthly_cost":{"type":"number","description_kind":"plain","computed":true},"ram":{"type":"number","description_kind":"plain","computed":true},"type":{"type":"string","description_kind":"plain","computed":true}},"block_types":{"filter":{"nesting_mode":"set","block":{"attributes":{"name":{"type":"string","description_kind":"plain","required":true},"values":{"type":["list","string"],"description_kind":"plain","required":true}},"description_kind":"plain"}}},"description_kind":"plain"}},"vultr_bare_metal_server":{"version":0,"block":{"attributes":{"app_id":{"type":"number","description_kind":"plain","computed":true},"cpu_count":{"type":"number","description_kind":"plain","computed":true},"date_created":{"type":"string","description_kind":"plain","computed":true},"disk":{"type":"string","description_kind":"plain","computed":true},"features":{"type":["list","string"],"description_kind":"plain","computed":true},"gateway_v4":{"type":"string","description_kind":"plain","computed":true},"id":{"type":"string","description_kind":"plain","optional":true,"computed":true},"image_id":{"type":"string","description_kind":"plain","computed":true},"label":{"type":"string","description_kind":"plain","computed":true},"mac_address":{"type":"number","description_kind":"plain","computed":true},"main_ip":{"type":"string","description_kind":"plain","computed":true},"netmask_v4":{"type":"string","description_kind":"plain","computed":true},"os":{"type":"string","description_kind":"plain","computed":true},"os_id":{"type":"number","description_kind":"plain","computed":true},"plan":{"type":"string","description_kind":"plain","computed":true},"ram":{"type":"string","description_kind":"plain","computed":true},"region":{"type":"string","description_kind":"plain","computed":true},"status":{"type":"string","description_kind":"plain","computed":true},"tags":{"type":["set","string"],"description_kind":"plain","computed":true},"v6_main_ip":{"type":"string","description_kind":"plain","computed":true},"v6_network":{"type":"string","description_kind":"plain","computed":true},"v6_network_size":{"type":"number","description_kind":"plain","computed":true},"vpc2_ids":{"type":["list","string"],"description_kind":"plain","computed":true}},"block_types":{"filter":{"nesting_mode":"set","block":{"attributes":{"name":{"type":"string","description_kind":"plain","required":true},"values":{"type":["list","string"],"description_kind":"plain","required":true}},"description_kind":"plain"}}},"description_kind":"plain"}},"vultr_block_storage":{"version":0,"block":{"attributes":{"attached_to_instance":{"type":"string","description_kind":"plain","computed":true},"block_type":{"type":"string","description_kind":"plain","computed":true},"cost":{"type":"number","description_kind":"plain","computed":true},"date_created":{"type":"string","description_kind":"plain","computed":true},"id":{"type":"string","description_kind":"plain","optional":true,"computed":true},"label":{"type":"string","description_kind":"plain","computed":true},"mount_id":{"type":"string","description_kind":"plain","computed":true},"region":{"type":"string","description_kind":"plain","computed":true},"size_gb":{"type":"number","description_kind":"plain","computed":true},"status":{"type":"string","description_kind":"plain","computed":true}},"block_types":{"filter":{"nesting_mode":"set","block":{"attributes":{"name":{"type":"string","description_kind":"plain","required":true},"values":{"type":["list","string"],"description_kind":"plain","required":true}},"description_kind":"plain"}}},"description_kind":"plain"}},"vultr_container_registry":{"version":0,"block":{"attributes":{"date_created":{"type":"string","description_kind":"plain","computed":true},"id":{"type":"string","description_kind":"plain","optional":true,"computed":true},"name":{"type":"string","description_kind":"plain","computed":true},"public":{"type":"bool","description_kind":"plain","computed":true},"repositories":{"type":["list",["object",{"artifact_count":"number","date_created":"string","date_modified":"string","description":"string","image":"string","name":"string","pull_count":"number"}]],"description_kind":"plain","computed":true},"root_user":{"type":["map","string"],"description_kind":"plain","computed":true},"storage":{"type":["map","string"],"description_kind":"plain","computed":true},"urn":{"type":"string","description_kind":"plain","computed":true}},"block_types":{"filter":{"nesting_mode":"set","block":{"attributes":{"name":{"type":"string","description_kind":"plain","required":true},"values":{"type":["list","string"],"description_kind":"plain","required":true}},"description_kind":"plain"}}},"description_kind":"plain"}},"vultr_database":{"version":0,"block":{"attributes":{"cluster_time_zone":{"type":"string","description_kind":"plain","computed":true},"database_engine":{"type":"string","description_kind":"plain","computed":true},"database_engine_version":{"type":"string","description_kind":"plain","computed":true},"date_created":{"type":"string","description_kind":"plain","computed":true},"dbname":{"type":"string","description_kind":"plain","computed":true},"ferretdb_credentials":{"type":["map","string"],"description_kind":"plain","computed":true},"host":{"type":"string","description_kind":"plain","computed":true},"id":{"type":"string","description_kind":"plain","optional":true,"computed":true},"label":{"type":"string","description_kind":"plain","computed":true},"latest_backup":{"type":"string","description_kind":"plain","computed":true},"maintenance_dow":{"type":"string","description_kind":"plain","computed":true},"maintenance_time":{"type":"string","description_kind":"plain","computed":true},"mysql_long_query_time":{"type":"number","description_kind":"plain","computed":true},"mysql_require_primary_key":{"type":"bool","description_kind":"plain","computed":true},"mysql_slow_query_log":{"type":"bool","description_kind":"plain","computed":true},"mysql_sql_modes":{"type":["set","string"],"description_kind":"plain","computed":true},"password":{"type":"string","description_kind":"plain","computed":true},"plan":{"type":"string","description_kind":"plain","computed":true},"plan_disk":{"type":"number","description_kind":"plain","computed":true},"plan_ram":{"type":"number","description_kind":"plain","computed":true},"plan_replicas":{"type":"number","description_kind":"plain","computed":true},"plan_vcpus":{"type":"number","description_kind":"plain","computed":true},"port":{"type":"string","description_kind":"plain","computed":true},"public_host":{"type":"string","description_kind":"plain","computed":true},"read_replicas":{"type":["list",["object",{"cluster_time_zone":"string","database_engine":"string","database_engine_version":"string","date_created":"string","dbname":"string","ferretdb_credentials":["map","string"],"host":"string","id":"string","label":"string","latest_backup":"string","maintenance_dow":"string","maintenance_time":"string","mysql_long_query_time":"number","mysql_require_primary_key":"bool","mysql_slow_query_log":"bool","mysql_sql_modes":["set","string"],"password":"string","plan":"string","plan_disk":"number","plan_ram":"number","plan_replicas":"number","plan_vcpus":"number","port":"string","public_host":"string","redis_eviction_policy":"string","region":"string","status":"string","tag":"string","trusted_ips":["set","string"],"user":"string","vpc_id":"string"}]],"description_kind":"plain","computed":true},"redis_eviction_policy":{"type":"string","description_kind":"plain","computed":true},"region":{"type":"string","description_kind":"plain","computed":true},"status":{"type":"string","description_kind":"plain","computed":true},"tag":{"type":"string","description_kind":"plain","computed":true},"trusted_ips":{"type":["set","string"],"description_kind":"plain","computed":true},"user":{"type":"string","description_kind":"plain","computed":true},"vpc_id":{"type":"string","description_kind":"plain","computed":true}},"block_types":{"filter":{"nesting_mode":"set","block":{"attributes":{"name":{"type":"string","description_kind":"plain","required":true},"values":{"type":["list","string"],"description_kind":"plain","required":true}},"description_kind":"plain"}}},"description_kind":"plain"}},"vultr_dns_domain":{"version":0,"block":{"attributes":{"date_created":{"type":"string","description_kind":"plain","computed":true},"dns_sec":{"type":"string","description_kind":"plain","computed":true},"domain":{"type":"string","description":"name of the domain","description_kind":"plain","required":true},"id":{"type":"string","description_kind":"plain","optional":true,"computed":true}},"description_kind":"plain"}},"vultr_firewall_group":{"version":0,"block":{"attributes":{"date_created":{"type":"string","description_kind":"plain","computed":true},"date_modified":{"type":"string","description_kind":"plain","computed":true},"description":{"type":"string","description_kind":"plain","computed":true},"id":{"type":"string","description_kind":"plain","optional":true,"computed":true},"instance_count":{"type":"number","description_kind":"plain","computed":true},"max_rule_count":{"type":"number","description_kind":"plain","computed":true},"rule_count":{"type":"number","description_kind":"plain","computed":true}},"block_types":{"filter":{"nesting_mode":"set","block":{"attributes":{"name":{"type":"string","description_kind":"plain","required":true},"values":{"type":["list","string"],"description_kind":"plain","required":true}},"description_kind":"plain"}}},"description_kind":"plain"}},"vultr_inference":{"version":0,"block":{"attributes":{"api_key":{"type":"string","description_kind":"plain","computed":true},"date_created":{"type":"string","description_kind":"plain","computed":true},"id":{"type":"string","description_kind":"plain","optional":true,"computed":true},"label":{"type":"string","description_kind":"plain","computed":true},"usage":{"type":["map","number"],"description_kind":"plain","computed":true}},"block_types":{"filter":{"nesting_mode":"set","block":{"attributes":{"name":{"type":"string","description_kind":"plain","required":true},"values":{"type":["list","string"],"description_kind":"plain","required":true}},"description_kind":"plain"}}},"description_kind":"plain"}},"vultr_instance":{"version":0,"block":{"attributes":{"allowed_bandwidth":{"type":"number","description_kind":"plain","computed":true},"app_id":{"type":"number","description_kind":"plain","computed":true},"backups":{"type":"string","description_kind":"plain","computed":true},"backups_schedule":{"type":["map","string"],"description_kind":"plain","computed":true},"date_created":{"type":"string","description_kind":"plain","computed":true},"disk":{"type":"number","description_kind":"plain","computed":true},"features":{"type":["list","string"],"description_kind":"plain","computed":true},"firewall_group_id":{"type":"string","description_kind":"plain","computed":true},"gateway_v4":{"type":"string","description_kind":"plain","computed":true},"hostname":{"type":"string","description_kind":"plain","computed":true},"id":{"type":"string","description_kind":"plain","optional":true,"computed":true},"image_id":{"type":"string","description_kind":"plain","computed":true},"internal_ip":{"type":"string","description_kind":"plain","computed":true},"kvm":{"type":"string","description_kind":"plain","computed":true},"label":{"type":"string","description_kind":"plain","computed":true},"location":{"type":"string","description_kind":"plain","computed":true},"main_ip":{"type":"string","description_kind":"plain","computed":true},"netmask_v4":{"type":"string","description_kind":"plain","computed":true},"os":{"type":"string","description_kind":"plain","computed":true},"os_id":{"type":"number","description_kind":"plain","computed":true},"plan":{"type":"string","description_kind":"plain","computed":true},"power_status":{"type":"string","description_kind":"plain","computed":true},"ram":{"type":"number","description_kind":"plain","computed":true},"region":{"type":"string","description_kind":"plain","computed":true},"server_status":{"type":"string","description_kind":"plain","computed":true},"status":{"type":"string","description_kind":"plain","computed":true},"tags":{"type":["set","string"],"description_kind":"plain","computed":true},"v6_main_ip":{"type":"string","description_kind":"plain","computed":true},"v6_network":{"type":"string","description_kind":"plain","computed":true},"v6_network_size":{"type":"number","description_kind":"plain","computed":true},"vcpu_count":{"type":"number","description_kind":"plain","computed":true},"vpc2_ids":{"type":["list","string"],"description_kind":"plain","computed":true},"vpc_ids":{"type":["list","string"],"description_kind":"plain","computed":true}},"block_types":{"filter":{"nesting_mode":"set","block":{"attributes":{"name":{"type":"string","description_kind":"plain","required":true},"values":{"type":["list","string"],"description_kind":"plain","required":true}},"description_kind":"plain"}}},"description_kind":"plain"}},"vultr_instance_ipv4":{"version":0,"block":{"attributes":{"gateway":{"type":"string","description_kind":"plain","computed":true},"id":{"type":"string","description_kind":"plain","optional":true,"computed":true},"instance_id":{"type":"string","description_kind":"plain","computed":true},"ip":{"type":"string","description_kind":"plain","computed":true},"netmask":{"type":"string","description_kind":"plain","computed":true},"reverse":{"type":"string","description_kind":"plain","computed":true}},"block_types":{"filter":{"nesting_mode":"set","block":{"attributes":{"name":{"type":"string","description_kind":"plain","required":true},"values":{"type":["list","string"],"description_kind":"plain","required":true}},"description_kind":"plain"}}},"description_kind":"plain"}},"vultr_instances":{"version":0,"block":{"attributes":{"id":{"type":"string","description_kind":"plain","optional":true,"computed":true},"instances":{"type":["list",["object",{"allowed_bandwidth":"number","app_id":"number","backups":"string","backups_schedule":["map","string"],"date_created":"string","disk":"number","features":["list","string"],"firewall_group_id":"string","gateway_v4":"string","hostname":"string","id":"string","image_id":"string","internal_ip":"string","kvm":"string","label":"string","location":"string","main_ip":"string","netmask_v4":"string","os":"string","os_id":"number","plan":"string","power_status":"string","private_network_ids":["list","string"],"ram":"number","region":"string","server_status":"string","status":"string","tags":["set","string"],"v6_main_ip":"string","v6_network":"string","v6_network_size":"number","vcpu_count":"number","vpc_ids":["list","string"]}]],"description_kind":"plain","computed":true}},"block_types":{"filter":{"nesting_mode":"set","block":{"attributes":{"name":{"type":"string","description_kind":"plain","required":true},"values":{"type":["list","string"],"description_kind":"plain","required":true}},"description_kind":"plain"}}},"description_kind":"plain"}},"vultr_iso_private":{"version":0,"block":{"attributes":{"date_created":{"type":"string","description_kind":"plain","computed":true},"filename":{"type":"string","description_kind":"plain","computed":true},"id":{"type":"string","description_kind":"plain","optional":true,"computed":true},"md5sum":{"type":"string","description_kind":"plain","computed":true},"sha512sum":{"type":"string","description_kind":"plain","computed":true},"size":{"type":"number","description_kind":"plain","computed":true},"status":{"type":"string","description_kind":"plain","computed":true}},"block_types":{"filter":{"nesting_mode":"set","block":{"attributes":{"name":{"type":"string","description_kind":"plain","required":true},"values":{"type":["list","string"],"description_kind":"plain","required":true}},"description_kind":"plain"}}},"description_kind":"plain"}},"vultr_iso_public":{"version":0,"block":{"attributes":{"description":{"type":"string","description_kind":"plain","computed":true},"id":{"type":"string","description_kind":"plain","optional":true,"computed":true},"md5sum":{"type":"string","description_kind":"plain","computed":true},"name":{"type":"string","description_kind":"plain","computed":true}},"block_types":{"filter":{"nesting_mode":"set","block":{"attributes":{"name":{"type":"string","description_kind":"plain","required":true},"values":{"type":["list","string"],"description_kind":"plain","required":true}},"description_kind":"plain"}}},"description_kind":"plain"}},"vultr_kubernetes":{"version":0,"block":{"attributes":{"client_certificate":{"type":"string","description_kind":"plain","computed":true},"client_key":{"type":"string","description_kind":"plain","computed":true},"cluster_ca_certificate":{"type":"string","description_kind":"plain","computed":true},"cluster_subnet":{"type":"string","description_kind":"plain","computed":true},"date_created":{"type":"string","description_kind":"plain","computed":true},"endpoint":{"type":"string","description_kind":"plain","computed":true},"firewall_group_id":{"type":"string","description_kind":"plain","computed":true},"ha_controlplanes":{"type":"bool","description_kind":"plain","computed":true},"id":{"type":"string","description_kind":"plain","computed":true},"ip":{"type":"string","description_kind":"plain","computed":true},"kube_config":{"type":"string","description_kind":"plain","computed":true},"label":{"type":"string","description_kind":"plain","computed":true},"node_pools":{"type":["list",["object",{"auto_scaler":"bool","date_created":"string","date_updated":"string","id":"string","label":"string","max_nodes":"number","min_nodes":"number","node_quantity":"number","nodes":["list",["object",{"date_created":"string","id":"string","label":"string","status":"string"}]],"plan":"string","status":"string","tag":"string"}]],"description_kind":"plain","computed":true},"region":{"type":"string","description_kind":"plain","computed":true},"service_subnet":{"type":"string","description_kind":"plain","computed":true},"status":{"type":"string","description_kind":"plain","computed":true},"version":{"type":"string","description_kind":"plain","computed":true}},"block_types":{"filter":{"nesting_mode":"set","block":{"attributes":{"name":{"type":"string","description_kind":"plain","required":true},"values":{"type":["list","string"],"description_kind":"plain","required":true}},"description_kind":"plain"}}},"description_kind":"plain"}},"vultr_load_balancer":{"version":0,"block":{"attributes":{"attached_instances":{"type":["list","string"],"description_kind":"plain","computed":true},"balancing_algorithm":{"type":"string","description_kind":"plain","computed":true},"cookie_name":{"type":"string","description_kind":"plain","computed":true},"date_created":{"type":"string","description_kind":"plain","computed":true},"firewall_rules":{"type":["list",["map","string"]],"description_kind":"plain","computed":true},"forwarding_rules":{"type":["list",["map","string"]],"description_kind":"plain","computed":true},"has_ssl":{"type":"bool","description_kind":"plain","computed":true},"health_check":{"type":["map","string"],"description_kind":"plain","computed":true},"id":{"type":"string","description_kind":"plain","optional":true,"computed":true},"ipv4":{"type":"string","description_kind":"plain","computed":true},"ipv6":{"type":"string","description_kind":"plain","computed":true},"label":{"type":"string","description_kind":"plain","computed":true},"proxy_protocol":{"type":"bool","description_kind":"plain","optional":true},"region":{"type":"string","description_kind":"plain","computed":true},"ssl":{"type":["map","string"],"description_kind":"plain","computed":true},"ssl_redirect":{"type":"bool","description_kind":"plain","computed":true},"status":{"type":"string","description_kind":"plain","computed":true}},"block_types":{"filter":{"nesting_mode":"set","block":{"attributes":{"name":{"type":"string","description_kind":"plain","required":true},"values":{"type":["list","string"],"description_kind":"plain","required":true}},"description_kind":"plain"}}},"description_kind":"plain"}},"vultr_object_storage":{"version":0,"block":{"attributes":{"cluster_id":{"type":"number","description_kind":"plain","computed":true},"date_created":{"type":"string","description_kind":"plain","computed":true},"id":{"type":"string","description_kind":"plain","optional":true,"computed":true},"label":{"type":"string","description_kind":"plain","computed":true},"location":{"type":"string","description_kind":"plain","computed":true},"region":{"type":"string","description_kind":"plain","computed":true},"s3_access_key":{"type":"string","description_kind":"plain","computed":true,"sensitive":true},"s3_hostname":{"type":"string","description_kind":"plain","computed":true},"s3_secret_key":{"type":"string","description_kind":"plain","computed":true,"sensitive":true},"status":{"type":"string","description_kind":"plain","computed":true}},"block_types":{"filter":{"nesting_mode":"set","block":{"attributes":{"name":{"type":"string","description_kind":"plain","required":true},"values":{"type":["list","string"],"description_kind":"plain","required":true}},"description_kind":"plain"}}},"description_kind":"plain"}},"vultr_object_storage_cluster":{"version":0,"block":{"attributes":{"deploy":{"type":"string","description_kind":"plain","computed":true},"hostname":{"type":"string","description_kind":"plain","computed":true},"id":{"type":"number","description_kind":"plain","computed":true},"region":{"type":"string","description_kind":"plain","computed":true}},"block_types":{"filter":{"nesting_mode":"set","block":{"attributes":{"name":{"type":"string","description_kind":"plain","required":true},"values":{"type":["list","string"],"description_kind":"plain","required":true}},"description_kind":"plain"}}},"description_kind":"plain"}},"vultr_os":{"version":0,"block":{"attributes":{"arch":{"type":"string","description_kind":"plain","computed":true},"family":{"type":"string","description_kind":"plain","computed":true},"id":{"type":"string","description_kind":"plain","optional":true,"computed":true},"name":{"type":"string","description_kind":"plain","computed":true}},"block_types":{"filter":{"nesting_mode":"set","block":{"attributes":{"name":{"type":"string","description_kind":"plain","required":true},"values":{"type":["list","string"],"description_kind":"plain","required":true}},"description_kind":"plain"}}},"description_kind":"plain"}},"vultr_plan":{"version":0,"block":{"attributes":{"bandwidth":{"type":"number","description_kind":"plain","computed":true},"disk":{"type":"number","description_kind":"plain","computed":true},"disk_count":{"type":"number","description_kind":"plain","computed":true},"gpu_type":{"type":"string","description_kind":"plain","computed":true},"gpu_vram":{"type":"number","description_kind":"plain","computed":true},"id":{"type":"string","description_kind":"plain","optional":true,"computed":true},"locations":{"type":["list","string"],"description_kind":"plain","computed":true},"monthly_cost":{"type":"number","description_kind":"plain","computed":true},"ram":{"type":"number","description_kind":"plain","computed":true},"type":{"type":"string","description_kind":"plain","computed":true},"vcpu_count":{"type":"number","description_kind":"plain","computed":true}},"block_types":{"filter":{"nesting_mode":"set","block":{"attributes":{"name":{"type":"string","description_kind":"plain","required":true},"values":{"type":["list","string"],"description_kind":"plain","required":true}},"description_kind":"plain"}}},"description_kind":"plain"}},"vultr_region":{"version":0,"block":{"attributes":{"city":{"type":"string","description_kind":"plain","computed":true},"continent":{"type":"string","description_kind":"plain","computed":true},"country":{"type":"string","description_kind":"plain","computed":true},"id":{"type":"string","description_kind":"plain","optional":true,"computed":true},"options":{"type":["list","string"],"description_kind":"plain","computed":true}},"block_types":{"filter":{"nesting_mode":"set","block":{"attributes":{"name":{"type":"string","description_kind":"plain","required":true},"values":{"type":["list","string"],"description_kind":"plain","required":true}},"description_kind":"plain"}}},"description_kind":"plain"}},"vultr_reserved_ip":{"version":0,"block":{"attributes":{"id":{"type":"string","description_kind":"plain","optional":true,"computed":true},"instance_id":{"type":"string","description_kind":"plain","computed":true},"ip_type":{"type":"string","description_kind":"plain","computed":true},"label":{"type":"string","description_kind":"plain","computed":true},"region":{"type":"string","description_kind":"plain","computed":true},"subnet":{"type":"string","description_kind":"plain","computed":true},"subnet_size":{"type":"number","description_kind":"plain","computed":true}},"block_types":{"filter":{"nesting_mode":"set","block":{"attributes":{"name":{"type":"string","description_kind":"plain","required":true},"values":{"type":["list","string"],"description_kind":"plain","required":true}},"description_kind":"plain"}}},"description_kind":"plain"}},"vultr_reverse_ipv4":{"version":0,"block":{"attributes":{"gateway":{"type":"string","description_kind":"plain","computed":true},"id":{"type":"string","description_kind":"plain","optional":true,"computed":true},"instance_id":{"type":"string","description_kind":"plain","computed":true},"ip":{"type":"string","description_kind":"plain","computed":true},"netmask":{"type":"string","description_kind":"plain","computed":true},"reverse":{"type":"string","description_kind":"plain","computed":true}},"block_types":{"filter":{"nesting_mode":"set","block":{"attributes":{"name":{"type":"string","description_kind":"plain","required":true},"values":{"type":["list","string"],"description_kind":"plain","required":true}},"description_kind":"plain"}}},"description_kind":"plain"}},"vultr_reverse_ipv6":{"version":0,"block":{"attributes":{"id":{"type":"string","description_kind":"plain","optional":true,"computed":true},"instance_id":{"type":"string","description_kind":"plain","computed":true},"ip":{"type":"string","description_kind":"plain","computed":true},"reverse":{"type":"string","description_kind":"plain","computed":true}},"block_types":{"filter":{"nesting_mode":"set","block":{"attributes":{"name":{"type":"string","description_kind":"plain","required":true},"values":{"type":["list","string"],"description_kind":"plain","required":true}},"description_kind":"plain"}}},"description_kind":"plain"}},"vultr_snapshot":{"version":0,"block":{"attributes":{"app_id":{"type":"number","description_kind":"plain","computed":true},"date_created":{"type":"string","description_kind":"plain","computed":true},"description":{"type":"string","description_kind":"plain","computed":true},"id":{"type":"string","description_kind":"plain","optional":true,"computed":true},"os_id":{"type":"number","description_kind":"plain","computed":true},"size":{"type":"number","description_kind":"plain","computed":true},"status":{"type":"string","description_kind":"plain","computed":true}},"block_types":{"filter":{"nesting_mode":"set","block":{"attributes":{"name":{"type":"string","description_kind":"plain","required":true},"values":{"type":["list","string"],"description_kind":"plain","required":true}},"description_kind":"plain"}}},"description_kind":"plain"}},"vultr_ssh_key":{"version":0,"block":{"attributes":{"date_created":{"type":"string","description_kind":"plain","computed":true},"id":{"type":"string","description_kind":"plain","computed":true},"name":{"type":"string","description_kind":"plain","computed":true},"ssh_key":{"type":"string","description_kind":"plain","computed":true}},"block_types":{"filter":{"nesting_mode":"set","block":{"attributes":{"name":{"type":"string","description_kind":"plain","required":true},"values":{"type":["list","string"],"description_kind":"plain","required":true}},"description_kind":"plain"}}},"description_kind":"plain"}},"vultr_startup_script":{"version":0,"block":{"attributes":{"date_created":{"type":"string","description_kind":"plain","computed":true},"date_modified":{"type":"string","description_kind":"plain","computed":true},"id":{"type":"string","description_kind":"plain","optional":true,"computed":true},"name":{"type":"string","description_kind":"plain","computed":true},"script":{"type":"string","description_kind":"plain","computed":true},"type":{"type":"string","description_kind":"plain","computed":true}},"block_types":{"filter":{"nesting_mode":"set","block":{"attributes":{"name":{"type":"string","description_kind":"plain","required":true},"values":{"type":["list","string"],"description_kind":"plain","required":true}},"description_kind":"plain"}}},"description_kind":"plain"}},"vultr_user":{"version":0,"block":{"attributes":{"acl":{"type":["list","string"],"description_kind":"plain","computed":true},"api_enabled":{"type":"bool","description_kind":"plain","computed":true},"email":{"type":"string","description_kind":"plain","computed":true},"id":{"type":"string","description_kind":"plain","optional":true,"computed":true},"name":{"type":"string","description_kind":"plain","computed":true}},"block_types":{"filter":{"nesting_mode":"set","block":{"attributes":{"name":{"type":"string","description_kind":"plain","required":true},"values":{"type":["list","string"],"description_kind":"plain","required":true}},"description_kind":"plain"}}},"description_kind":"plain"}},"vultr_vpc":{"version":0,"block":{"attributes":{"date_created":{"type":"string","description_kind":"plain","computed":true},"description":{"type":"string","description_kind":"plain","computed":true},"id":{"type":"string","description_kind":"plain","optional":true,"computed":true},"region":{"type":"string","description_kind":"plain","computed":true},"v4_subnet":{"type":"string","description_kind":"plain","computed":true},"v4_subnet_mask":{"type":"number","description_kind":"plain","computed":true}},"block_types":{"filter":{"nesting_mode":"set","block":{"attributes":{"name":{"type":"string","description_kind":"plain","required":true},"values":{"type":["list","string"],"description_kind":"plain","required":true}},"description_kind":"plain"}}},"description_kind":"plain"}},"vultr_vpc2":{"version":0,"block":{"attributes":{"date_created":{"type":"string","description_kind":"plain","computed":true},"description":{"type":"string","description_kind":"plain","computed":true},"id":{"type":"string","description_kind":"plain","optional":true,"computed":true},"ip_block":{"type":"string","description_kind":"plain","computed":true},"prefix_length":{"type":"number","description_kind":"plain","computed":true},"region":{"type":"string","description_kind":"plain","computed":true}},"block_types":{"filter":{"nesting_mode":"set","block":{"attributes":{"name":{"type":"string","description_kind":"plain","required":true},"values":{"type":["list","string"],"description_kind":"plain","required":true}},"description_kind":"plain"}}},"description_kind":"plain"}}}}}}
